Microsoft Visual Studio Solution File, Format Version 11.00
# Visual Studio 2008

Project("{5BB397F3-60B1-F78A-CB10-002659A7D4B1}") = "unityP", "Assembly-CSharp.csproj", "{CB0B3DA3-84EF-1A63-BD4C-78AAB1638304}"
EndProject
Project("{5BB397F3-60B1-F78A-CB10-002659A7D4B1}") = "unityP", "Assembly-CSharp-Editor.csproj", "{C74580BB-A8A9-A353-C44F-5B47F7F542F6}"
EndProject
Global
	GlobalSection(SolutionConfigurationPlatforms) = preSolution
		Debug|Any CPU = Debug|Any CPU
		Release|Any CPU = Release|Any CPU
	EndGlobalSection
	GlobalSection(ProjectConfigurationPlatforms) = postSolution
		{CB0B3DA3-84EF-1A63-BD4C-78AAB1638304}.Debug|Any CPU.ActiveCfg = Debug|Any CPU
		{CB0B3DA3-84EF-1A63-BD4C-78AAB1638304}.Debug|Any CPU.Build.0 = Debug|Any CPU
		{CB0B3DA3-84EF-1A63-BD4C-78AAB1638304}.Release|Any CPU.ActiveCfg = Release|Any CPU
		{CB0B3DA3-84EF-1A63-BD4C-78AAB1638304}.Release|Any CPU.Build.0 = Release|Any CPU
		{C74580BB-A8A9-A353-C44F-5B47F7F542F6}.Debug|Any CPU.ActiveCfg = Debug|Any CPU
		{C74580BB-A8A9-A353-C44F-5B47F7F542F6}.Debug|Any CPU.Build.0 = Debug|Any CPU
		{C74580BB-A8A9-A353-C44F-5B47F7F542F6}.Release|Any CPU.ActiveCfg = Release|Any CPU
		{C74580BB-A8A9-A353-C44F-5B47F7F542F6}.Release|Any CPU.Build.0 = Release|Any CPU
	EndGlobalSection
	GlobalSection(SolutionProperties) = preSolution
		HideSolutionNode = FALSE
	EndGlobalSection
																																																																														GlobalSection(MonoDevelopProperties) = preSolution
		StartupItem = Assembly-CSharp.csproj
		Policies = $0
		$0.TextStylePolicy = $1
		$1.inheritsSet = null
		$1.scope = text/x-csharp
		$0.CSharpFormattingPolicy = $2
		$2.inheritsSet = Mono
		$2.inheritsScope = text/x-csharp
		$2.scope = text/x-csharp
		$0.TextStylePolicy = $3
		$3.FileWidth = 120
		$3.TabWidth = 4
		$3.EolMarker = Unix
		$3.inheritsSet = Mono
		$3.inheritsScope = text/plain
		$3.scope = text/plain
	EndGlobalSection

EndGlobal
